// !$*UTF8*$!
{
	archiveVersion = 1;
	classes = {
	};
	objectVersion = 56;
	objects = {

/* Begin PBXBuildFile section */
		4569D2EA293D7C5600FCACFC /* EventSource in Frameworks */ = {isa = PBXBuildFile; productRef = 4569D2E9293D7C5600FCACFC /* EventSource */; };
		458C1162293D58550015474C /* GateApp.swift in Sources */ = {isa = PBXBuildFile; fileRef = 458C1161293D58550015474C /* GateApp.swift */; };
		458C1164293D58550015474C /* ContentView.swift in Sources */ = {isa = PBXBuildFile; fileRef = 458C1163293D58550015474C /* ContentView.swift */; };
		458C1166293D585B0015474C /* Assets.xcassets in Resources */ = {isa = PBXBuildFile; fileRef = 458C1165293D585B0015474C /* Assets.xcassets */; };
		458C1169293D585B0015474C /* Preview Assets.xcassets in Resources */ = {isa = PBXBuildFile; fileRef = 458C1168293D585B0015474C /* Preview Assets.xcassets */; };
		458C1189293D5A950015474C /* GateInfoView.swift in Sources */ = {isa = PBXBuildFile; fileRef = 458C1188293D5A950015474C /* GateInfoView.swift */; };
		458C118B293D5B5F0015474C /* GateModel.swift in Sources */ = {isa = PBXBuildFile; fileRef = 458C118A293D5B5F0015474C /* GateModel.swift */; };
		458C118D293D5C6F0015474C /* GateAppViewModel.swift in Sources */ = {isa = PBXBuildFile; fileRef = 458C118C293D5C6F0015474C /* GateAppViewModel.swift */; };
		458C118F293D5FBE0015474C /* SettingsSheetView.swift in Sources */ = {isa = PBXBuildFile; fileRef = 458C118E293D5FBE0015474C /* SettingsSheetView.swift */; };
		45C7471D294E4BFF00F9F649 /* Extensions.swift in Sources */ = {isa = PBXBuildFile; fileRef = 45C7471C294E4BFF00F9F649 /* Extensions.swift */; };
/* End PBXBuildFile section */

/* Begin PBXCopyFilesBuildPhase section */
		458C1187293D58D10015474C /* Embed Foundation Extensions */ = {
			isa = PBXCopyFilesBuildPhase;
			buildActionMask = 2147483647;
			dstPath = "";
			dstSubfolderSpec = 13;
			files = (
			);
			name = "Embed Foundation Extensions";
			runOnlyForDeploymentPostprocessing = 0;
		};
/* End PBXCopyFilesBuildPhase section */

/* Begin PBXFileReference section */
		458C115E293D58550015474C /* GateApp.app */ = {isa = PBXFileReference; explicitFileType = wrapper.application; includeInIndex = 0; path = GateApp.app; sourceTree = BUILT_PRODUCTS_DIR; };
		458C1161293D58550015474C /* GateApp.swift */ = {isa = PBXFileReference; lastKnownFileType = sourcecode.swift; path = GateApp.swift; sourceTree = "<group>"; };
		458C1163293D58550015474C /* ContentView.swift */ = {isa = PBXFileReference; lastKnownFileType = sourcecode.swift; path = ContentView.swift; sourceTree = "<group>"; };
		458C1165293D585B0015474C /* Assets.xcassets */ = {isa = PBXFileReference; lastKnownFileType = folder.assetcatalog; path = Assets.xcassets; sourceTree = "<group>"; };
		458C1168293D585B0015474C /* Preview Assets.xcassets */ = {isa = PBXFileReference; lastKnownFileType = folder.assetcatalog; path = "Preview Assets.xcassets"; sourceTree = "<group>"; };
		458C1177293D58C70015474C /* SwiftUI.framework */ = {isa = PBXFileReference; lastKnownFileType = wrapper.framework; name = SwiftUI.framework; path = System/Library/Frameworks/SwiftUI.framework; sourceTree = SDKROOT; };
		458C1188293D5A950015474C /* GateInfoView.swift */ = {isa = PBXFileReference; lastKnownFileType = sourcecode.swift; path = GateInfoView.swift; sourceTree = "<group>"; };
		458C118A293D5B5F0015474C /* GateModel.swift */ = {isa = PBXFileReference; lastKnownFileType = sourcecode.swift; path = GateModel.swift; sourceTree = "<group>"; };
		458C118C293D5C6F0015474C /* GateAppViewModel.swift */ = {isa = PBXFileReference; lastKnownFileType = sourcecode.swift; path = GateAppViewModel.swift; sourceTree = "<group>"; };
		458C118E293D5FBE0015474C /* SettingsSheetView.swift */ = {isa = PBXFileReference; lastKnownFileType = sourcecode.swift; path = SettingsSheetView.swift; sourceTree = "<group>"; };
		45C7471C294E4BFF00F9F649 /* Extensions.swift */ = {isa = PBXFileReference; lastKnownFileType = sourcecode.swift; path = Extensions.swift; sourceTree = "<group>"; };
/* End PBXFileReference section */

/* Begin PBXFrameworksBuildPhase section */
		458C115B293D58550015474C /* Frameworks */ = {
			isa = PBXFrameworksBuildPhase;
			buildActionMask = 2147483647;
			files = (
				4569D2EA293D7C5600FCACFC /* EventSource in Frameworks */,
			);
			runOnlyForDeploymentPostprocessing = 0;
		};
/* End PBXFrameworksBuildPhase section */

/* Begin PBXGroup section */
		458C1155293D58550015474C = {
			isa = PBXGroup;
			children = (
				458C1160293D58550015474C /* GateApp */,
				458C1174293D58C70015474C /* Frameworks */,
				458C115F293D58550015474C /* Products */,
			);
			sourceTree = "<group>";
		};
		458C115F293D58550015474C /* Products */ = {
			isa = PBXGroup;
			children = (
				458C115E293D58550015474C /* GateApp.app */,
			);
			name = Products;
			sourceTree = "<group>";
		};
		458C1160293D58550015474C /* GateApp */ = {
			isa = PBXGroup;
			children = (
				458C1161293D58550015474C /* GateApp.swift */,
				458C1163293D58550015474C /* ContentView.swift */,
				458C1165293D585B0015474C /* Assets.xcassets */,
				458C1167293D585B0015474C /* Preview Content */,
				458C1188293D5A950015474C /* GateInfoView.swift */,
				458C118A293D5B5F0015474C /* GateModel.swift */,
				458C118C293D5C6F0015474C /* GateAppViewModel.swift */,
				458C118E293D5FBE0015474C /* SettingsSheetView.swift */,
				45C7471C294E4BFF00F9F649 /* Extensions.swift */,
			);
			path = GateApp;
			sourceTree = "<group>";
		};
		458C1167293D585B0015474C /* Preview Content */ = {
			isa = PBXGroup;
			children = (
				458C1168293D585B0015474C /* Preview Assets.xcassets */,
			);
			path = "Preview Content";
			sourceTree = "<group>";
		};
		458C1174293D58C70015474C /* Frameworks */ = {
			isa = PBXGroup;
			children = (
				458C1177293D58C70015474C /* SwiftUI.framework */,
			);
			name = Frameworks;
			sourceTree = "<group>";
		};
/* End PBXGroup section */

/* Begin PBXNativeTarget section */
		458C115D293D58550015474C /* GateApp */ = {
			isa = PBXNativeTarget;
			buildConfigurationList = 458C116C293D585B0015474C /* Build configuration list for PBXNativeTarget "GateApp" */;
			buildPhases = (
				458C115A293D58550015474C /* Sources */,
				458C115B293D58550015474C /* Frameworks */,
				458C115C293D58550015474C /* Resources */,
				458C1187293D58D10015474C /* Embed Foundation Extensions */,
			);
			buildRules = (
			);
			dependencies = (
			);
			name = GateApp;
			packageProductDependencies = (
				4569D2E9293D7C5600FCACFC /* EventSource */,
			);
			productName = GateApp;
			productReference = 458C115E293D58550015474C /* GateApp.app */;
			productType = "com.apple.product-type.application";
		};
/* End PBXNativeTarget section */

/* Begin PBXProject section */
		458C1156293D58550015474C /* Project object */ = {
			isa = PBXProject;
			attributes = {
				BuildIndependentTargetsInParallel = 1;
				LastSwiftUpdateCheck = 1410;
				LastUpgradeCheck = 1410;
				TargetAttributes = {
					458C115D293D58550015474C = {
						CreatedOnToolsVersion = 14.1;
					};
				};
			};
			buildConfigurationList = 458C1159293D58550015474C /* Build configuration list for PBXProject "GateApp" */;
			compatibilityVersion = "Xcode 14.0";
			developmentRegion = en;
			hasScannedForEncodings = 0;
			knownRegions = (
				en,
				Base,
			);
			mainGroup = 458C1155293D58550015474C;
			packageReferences = (
				4569D2E8293D7C5600FCACFC /* XCRemoteSwiftPackageReference "EventSource" */,
			);
			productRefGroup = 458C115F293D58550015474C /* Products */;
			projectDirPath = "";
			projectRoot = "";
			targets = (
				458C115D293D58550015474C /* GateApp */,
			);
		};
/* End PBXProject section */

/* Begin PBXResourcesBuildPhase section */
		458C115C293D58550015474C /* Resources */ = {
			isa = PBXResourcesBuildPhase;
			buildActionMask = 2147483647;
			files = (
				458C1169293D585B0015474C /* Preview Assets.xcassets in Resources */,
				458C1166293D585B0015474C /* Assets.xcassets in Resources */,
			);
			runOnlyForDeploymentPostprocessing = 0;
		};
/* End PBXResourcesBuildPhase section */

/* Begin PBXSourcesBuildPhase section */
		458C115A293D58550015474C /* Sources */ = {
			isa = PBXSourcesBuildPhase;
			buildActionMask = 2147483647;
			files = (
				458C118B293D5B5F0015474C /* GateModel.swift in Sources */,
				458C1164293D58550015474C /* ContentView.swift in Sources */,
				458C118D293D5C6F0015474C /* GateAppViewModel.swift in Sources */,
				458C1162293D58550015474C /* GateApp.swift in Sources */,
				458C1189293D5A950015474C /* GateInfoView.swift in Sources */,
				458C118F293D5FBE0015474C /* SettingsSheetView.swift in Sources */,
				45C7471D294E4BFF00F9F649 /* Extensions.swift in Sources */,
			);
			runOnlyForDeploymentPostprocessing = 0;
		};
/* End PBXSourcesBuildPhase section */

/* Begin XCBuildConfiguration section */
		458C116A293D585B0015474C /* Debug */ = {
			isa = XCBuildConfiguration;
			buildSettings = {
				ALWAYS_SEARCH_USER_PATHS = NO;
				CLANG_ANALYZER_NONNULL = YES;
				CLANG_ANALYZER_NUMBER_OBJECT_CONVERSION = YES_AGGRESSIVE;
				CLANG_CXX_LANGUAGE_STANDARD = "gnu++20";
				CLANG_ENABLE_MODULES = YES;
				CLANG_ENABLE_OBJC_ARC = YES;
				CLANG_ENABLE_OBJC_WEAK = YES;
				CLANG_WARN_BLOCK_CAPTURE_AUTORELEASING = YES;
				CLANG_WARN_BOOL_CONVERSION = YES;
				CLANG_WARN_COMMA = YES;
				CLANG_WARN_CONSTANT_CONVERSION = YES;
				CLANG_WARN_DEPRECATED_OBJC_IMPLEMENTATIONS = YES;
				CLANG_WARN_DIRECT_OBJC_ISA_USAGE = YES_ERROR;
				CLANG_WARN_DOCUMENTATION_COMMENTS = YES;
				CLANG_WARN_EMPTY_BODY = YES;
				CLANG_WARN_ENUM_CONVERSION = YES;
				CLANG_WARN_INFINITE_RECURSION = YES;
				CLANG_WARN_INT_CONVERSION = YES;
				CLANG_WARN_NON_LITERAL_NULL_CONVERSION = YES;
				CLANG_WARN_OBJC_IMPLICIT_RETAIN_SELF = YES;
				CLANG_WARN_OBJC_LITERAL_CONVERSION = YES;
				CLANG_WARN_OBJC_ROOT_CLASS = YES_ERROR;
				CLANG_WARN_QUOTED_INCLUDE_IN_FRAMEWORK_HEADER = YES;
				CLANG_WARN_RANGE_LOOP_ANALYSIS = YES;
				CLANG_WARN_STRICT_PROTOTYPES = YES;
				CLANG_WARN_SUSPICIOUS_MOVE = YES;
				CLANG_WARN_UNGUARDED_AVAILABILITY = YES_AGGRESSIVE;
				CLANG_WARN_UNREACHABLE_CODE = YES;
				CLANG_WARN__DUPLICATE_METHOD_MATCH = YES;
				COPY_PHASE_STRIP = NO;
				DEBUG_INFORMATION_FORMAT = dwarf;
				ENABLE_STRICT_OBJC_MSGSEND = YES;
				ENABLE_TESTABILITY = YES;
				GCC_C_LANGUAGE_STANDARD = gnu11;
				GCC_DYNAMIC_NO_PIC = NO;
				GCC_NO_COMMON_BLOCKS = YES;
				GCC_OPTIMIZATION_LEVEL = 0;
				GCC_PREPROCESSOR_DEFINITIONS = (
					"DEBUG=1",
					"$(inherited)",
				);
				GCC_WARN_64_TO_32_BIT_CONVERSION = YES;
				GCC_WARN_ABOUT_RETURN_TYPE = YES_ERROR;
				GCC_WARN_UNDECLARED_SELECTOR = YES;
				GCC_WARN_UNINITIALIZED_AUTOS = YES_AGGRESSIVE;
				GCC_WARN_UNUSED_FUNCTION = YES;
				GCC_WARN_UNUSED_VARIABLE = YES;
				IPHONEOS_DEPLOYMENT_TARGET = 16.1;
				MTL_ENABLE_DEBUG_INFO = INCLUDE_SOURCE;
				MTL_FAST_MATH = YES;
				ONLY_ACTIVE_ARCH = YES;
				SDKROOT = iphoneos;
				SWIFT_ACTIVE_COMPILATION_CONDITIONS = DEBUG;
				SWIFT_OPTIMIZATION_LEVEL = "-Onone";
			};
			name = Debug;
		};
		458C116B293D585B0015474C /* Release */ = {
			isa = XCBuildConfiguration;
			buildSettings = {
				ALWAYS_SEARCH_USER_PATHS = NO;
				CLANG_ANALYZER_NONNULL = YES;
				CLANG_ANALYZER_NUMBER_OBJECT_CONVERSION = YES_AGGRESSIVE;
				CLANG_CXX_LANGUAGE_STANDARD = "gnu++20";
				CLANG_ENABLE_MODULES = YES;
				CLANG_ENABLE_OBJC_ARC = YES;
				CLANG_ENABLE_OBJC_WEAK = YES;
				CLANG_WARN_BLOCK_CAPTURE_AUTORELEASING = YES;
				CLANG_WARN_BOOL_CONVERSION = YES;
				CLANG_WARN_COMMA = YES;
				CLANG_WARN_CONSTANT_CONVERSION = YES;
				CLANG_WARN_DEPRECATED_OBJC_IMPLEMENTATIONS = YES;
				CLANG_WARN_DIRECT_OBJC_ISA_USAGE = YES_ERROR;
				CLANG_WARN_DOCUMENTATION_COMMENTS = YES;
				CLANG_WARN_EMPTY_BODY = YES;
				CLANG_WARN_ENUM_CONVERSION = YES;
				CLANG_WARN_INFINITE_RECURSION = YES;
				CLANG_WARN_INT_CONVERSION = YES;
				CLANG_WARN_NON_LITERAL_NULL_CONVERSION = YES;
				CLANG_WARN_OBJC_IMPLICIT_RETAIN_SELF = YES;
				CLANG_WARN_OBJC_LITERAL_CONVERSION = YES;
				CLANG_WARN_OBJC_ROOT_CLASS = YES_ERROR;
				CLANG_WARN_QUOTED_INCLUDE_IN_FRAMEWORK_HEADER = YES;
				CLANG_WARN_RANGE_LOOP_ANALYSIS = YES;
				CLANG_WARN_STRICT_PROTOTYPES = YES;
				CLANG_WARN_SUSPICIOUS_MOVE = YES;
				CLANG_WARN_UNGUARDED_AVAILABILITY = YES_AGGRESSIVE;
				CLANG_WARN_UNREACHABLE_CODE = YES;
				CLANG_WARN__DUPLICATE_METHOD_MATCH = YES;
				COPY_PHASE_STRIP = NO;
				DEBUG_INFORMATION_FORMAT = "dwarf-with-dsym";
				ENABLE_NS_ASSERTIONS = NO;
				ENABLE_STRICT_OBJC_MSGSEND = YES;
				GCC_C_LANGUAGE_STANDARD = gnu11;
				GCC_NO_COMMON_BLOCKS = YES;
				GCC_WARN_64_TO_32_BIT_CONVERSION = YES;
				GCC_WARN_ABOUT_RETURN_TYPE = YES_ERROR;
				GCC_WARN_UNDECLARED_SELECTOR = YES;
				GCC_WARN_UNINITIALIZED_AUTOS = YES_AGGRESSIVE;
				GCC_WARN_UNUSED_FUNCTION = YES;
				GCC_WARN_UNUSED_VARIABLE = YES;
				IPHONEOS_DEPLOYMENT_TARGET = 16.1;
				MTL_ENABLE_DEBUG_INFO = NO;
				MTL_FAST_MATH = YES;
				SDKROOT = iphoneos;
				SWIFT_COMPILATION_MODE = wholemodule;
				SWIFT_OPTIMIZATION_LEVEL = "-O";
				VALIDATE_PRODUCT = YES;
			};
			name = Release;
		};
		458C116D293D585B0015474C /* Debug */ = {
			isa = XCBuildConfiguration;
			buildSettings = {
				ASSETCATALOG_COMPILER_APPICON_NAME = AppIcon;
				ASSETCATALOG_COMPILER_GLOBAL_ACCENT_COLOR_NAME = AccentColor;
				CODE_SIGN_STYLE = Automatic;
				CURRENT_PROJECT_VERSION = 1;
				DEVELOPMENT_ASSET_PATHS = "\"GateApp/Preview Content\"";
				DEVELOPMENT_TEAM = 8XQR9YKLCL;
				ENABLE_PREVIEWS = YES;
				GENERATE_INFOPLIST_FILE = YES;
				INFOPLIST_KEY_CFBundleDisplayName = Gates;
				INFOPLIST_KEY_LSApplicationCategoryType = "public.app-category.utilities";
				INFOPLIST_KEY_UIApplicationSceneManifest_Generation = YES;
				INFOPLIST_KEY_UIApplicationSupportsIndirectInputEvents = YES;
				INFOPLIST_KEY_UILaunchScreen_Generation = YES;
				INFOPLIST_KEY_UISupportedInterfaceOrientations = UIInterfaceOrientationPortrait;
				INFOPLIST_KEY_UISupportedInterfaceOrientations_iPad = "UIInterfaceOrientationLandscapeLeft UIInterfaceOrientationLandscapeRight UIInterfaceOrientationPortrait UIInterfaceOrientationPortraitUpsideDown";
				LD_RUNPATH_SEARCH_PATHS = (
					"$(inherited)",
					"@executable_path/Frameworks",
				);
				MARKETING_VERSION = 1.0.3;
				PRODUCT_BUNDLE_IDENTIFIER = com.donniebarnes.GateApp;
				PRODUCT_NAME = "$(TARGET_NAME)";
				SWIFT_EMIT_LOC_STRINGS = YES;
				SWIFT_VERSION = 5.0;
				TARGETED_DEVICE_FAMILY = "1,2";
			};
			name = Debug;
		};
		458C116E293D585B0015474C /* Release */ = {
			isa = XCBuildConfiguration;
			buildSettings = {
				ASSETCATALOG_COMPILER_APPICON_NAME = AppIcon;
				ASSETCATALOG_COMPILER_GLOBAL_ACCENT_COLOR_NAME = AccentColor;
				CODE_SIGN_STYLE = Automatic;
				CURRENT_PROJECT_VERSION = 1;
				DEVELOPMENT_ASSET_PATHS = "\"GateApp/Preview Content\"";
				DEVELOPMENT_TEAM = 8XQR9YKLCL;
				ENABLE_PREVIEWS = YES;
				GENERATE_INFOPLIST_FILE = YES;
				INFOPLIST_KEY_CFBundleDisplayName = Gates;
				INFOPLIST_KEY_LSApplicationCategoryType = "public.app-category.utilities";
				INFOPLIST_KEY_UIApplicationSceneManifest_Generation = YES;
				INFOPLIST_KEY_UIApplicationSupportsIndirectInputEvents = YES;
				INFOPLIST_KEY_UILaunchScreen_Generation = YES;
				INFOPLIST_KEY_UISupportedInterfaceOrientations = UIInterfaceOrientationPortrait;
				INFOPLIST_KEY_UISupportedInterfaceOrientations_iPad = "UIInterfaceOrientationLandscapeLeft UIInterfaceOrientationLandscapeRight UIInterfaceOrientationPortrait UIInterfaceOrientationPortraitUpsideDown";
				LD_RUNPATH_SEARCH_PATHS = (
					"$(inherited)",
					"@executable_path/Frameworks",
				);
				MARKETING_VERSION = 1.0.3;
				PRODUCT_BUNDLE_IDENTIFIER = com.donniebarnes.GateApp;
				PRODUCT_NAME = "$(TARGET_NAME)";
				SWIFT_EMIT_LOC_STRINGS = YES;
				SWIFT_VERSION = 5.0;
				TARGETED_DEVICE_FAMILY = "1,2";
			};
			name = Release;
		};
/* End XCBuildConfiguration section */

/* Begin XCConfigurationList section */
		458C1159293D58550015474C /* Build configuration list for PBXProject "GateApp" */ = {
			isa = XCConfigurationList;
			buildConfigurations = (
				458C116A293D585B0015474C /* Debug */,
				458C116B293D585B0015474C /* Release */,
			);
			defaultConfigurationIsVisible = 0;
			defaultConfigurationName = Release;
		};
		458C116C293D585B0015474C /* Build configuration list for PBXNativeTarget "GateApp" */ = {
			isa = XCConfigurationList;
			buildConfigurations = (
				458C116D293D585B0015474C /* Debug */,
				458C116E293D585B0015474C /* Release */,
			);
			defaultConfigurationIsVisible = 0;
			defaultConfigurationName = Release;
		};
/* End XCConfigurationList section */

/* Begin XCRemoteSwiftPackageReference section */
		4569D2E8293D7C5600FCACFC /* XCRemoteSwiftPackageReference "EventSource" */ = {
			isa = XCRemoteSwiftPackageReference;
			repositoryURL = "https://github.com/inaka/EventSource.git";
			requirement = {
				branch = master;
				kind = branch;
			};
		};
/* End XCRemoteSwiftPackageReference section */

/* Begin XCSwiftPackageProductDependency section */
		4569D2E9293D7C5600FCACFC /* EventSource */ = {
			isa = XCSwiftPackageProductDependency;
			package = 4569D2E8293D7C5600FCACFC /* XCRemoteSwiftPackageReference "EventSource" */;
			productName = EventSource;
		};
/* End XCSwiftPackageProductDependency section */
	};
	rootObject = 458C1156293D58550015474C /* Project object */;
}
